{
  "requires": true,
  "lockfileVersion": 1,
  "dependencies": {
    "wear-glove": {
      "version": "1.0.3",
      "resolved": "https://registry.npmjs.org/wear-glove/-/wear-glove-1.0.3.tgz",
      "integrity": "sha512-gxDovGRzYvWLNjAAxWIH88wyayzum6vFeZhw1atO7X2yMK6SAy523U67S6ErRogefchw8RsV397A8zrWdKRBfQ=="
    }
  }
}
