{
  "name": "test",
  "version": "1.0.0",
  "lockfileVersion": 1,
  "requires": true,
  "dependencies": {
    "kuaizi": {
      "version": "1.0.0",
      "resolved": "https://registry.npmjs.org/kuaizi/-/kuaizi-1.0.0.tgz",
      "integrity": "sha512-QHHv4qOqPb+jBTC6n3Q854zwnmQmYj+hzx0COZNvBn9Bcs++ifRDNK307bTzlTxJg02xx8SI+7B6tLJ3a1oarw==",
      "requires": {
        "wear-glove": ">= 3.0.0"
      }
    },
    "wear-glove": {
      "version": "3.0.0",
      "resolved": "https://registry.npmjs.org/wear-glove/-/wear-glove-3.0.0.tgz",
      "integrity": "sha512-orbEPsb3agE3bK/8mxYog/BQyWBs7ifkaDBVpupL824It/qVxt+BMvwcqDzGwGh4cdd5eGHTWV/aeM6momzTyw=="
    }
  }
}
