{
  "requires": true,
  "lockfileVersion": 1,
  "dependencies": {
    "wear-glove": {
      "version": "1.0.2",
      "resolved": "https://registry.npmjs.org/wear-glove/-/wear-glove-1.0.2.tgz",
      "integrity": "sha512-5VvTnyzUDlVLZLr/Yxc9OzQaaeVzXvTjPbvoG6xJVHM9rKUSA/PiqGygQ36iJq6PVt1l7+d+0+SWYNqYcz+YOg=="
    }
  }
}
