{
  "name": "kuaizi",
  "version": "2.2.2",
  "lockfileVersion": 1,
  "requires": true,
  "dependencies": {
    "swch": {
      "version": "1.0.0",
      "resolved": "https://registry.npmjs.org/swch/-/swch-1.0.0.tgz",
      "integrity": "sha512-GzGLPpIujtRNRBpywJGvX3ejxfG5lBPMWpoADoPkJS0M+STarIJQuV479f1ScpUKQjPlDmCT71ErFyc4XlbceA=="
    }
  }
}
